// !$*UTF8*$!
{
	archiveVersion = 1;
	classes = {
	};
	objectVersion = 46;
	objects = {

/* Begin PBXBuildFile section */
		AF0A752D145C3E7C00EC6608 /* GameViewController.m in Sources */ = {isa = PBXBuildFile; fileRef = AF0A7529145C3E7C00EC6608 /* GameViewController.m */; };
		AF0A752E145C3E7C00EC6608 /* GameViewController.xib in Resources */ = {isa = PBXBuildFile; fileRef = AF0A752A145C3E7C00EC6608 /* GameViewController.xib */; };
		AF0A752F145C3E7C00EC6608 /* FieldButton.m in Sources */ = {isa = PBXBuildFile; fileRef = AF0A752C145C3E7C00EC6608 /* FieldButton.m */; };
		AF0A7537145C3E8B00EC6608 /* Board.m in Sources */ = {isa = PBXBuildFile; fileRef = AF0A7531145C3E8B00EC6608 /* Board.m */; };
		AF0A7538145C3E8B00EC6608 /* Item.m in Sources */ = {isa = PBXBuildFile; fileRef = AF0A7533145C3E8B00EC6608 /* Item.m */; };
		AF0A7539145C3E8B00EC6608 /* Game.m in Sources */ = {isa = PBXBuildFile; fileRef = AF0A7535145C3E8B00EC6608 /* Game.m */; };
		AF0A753C145C3E9900EC6608 /* RSToast.m in Sources */ = {isa = PBXBuildFile; fileRef = AF0A753B145C3E9900EC6608 /* RSToast.m */; };
		AF0A7549145C3EE400EC6608 /* tile.png in Resources */ = {isa = PBXBuildFile; fileRef = AF0A753D145C3EE400EC6608 /* tile.png */; };
		AF0A754A145C3EE400EC6608 /* tile@2x.png in Resources */ = {isa = PBXBuildFile; fileRef = AF0A753E145C3EE400EC6608 /* tile@2x.png */; };
		AF0A754B145C3EE400EC6608 /* circle.png in Resources */ = {isa = PBXBuildFile; fileRef = AF0A753F145C3EE400EC6608 /* circle.png */; };
		AF0A754C145C3EE400EC6608 /* cross.png in Resources */ = {isa = PBXBuildFile; fileRef = AF0A7540145C3EE400EC6608 /* cross.png */; };
		AF0A754D145C3EE400EC6608 /* background.png in Resources */ = {isa = PBXBuildFile; fileRef = AF0A7541145C3EE400EC6608 /* background.png */; };
		AF0A754E145C3EE400EC6608 /* background@2x.png in Resources */ = {isa = PBXBuildFile; fileRef = AF0A7542145C3EE400EC6608 /* background@2x.png */; };
		AFA12FC8145C3CAE00D6BE4E /* UIKit.framework in Frameworks */ = {isa = PBXBuildFile; fileRef = AFA12FC7145C3CAE00D6BE4E /* UIKit.framework */; };
		AFA12FCA145C3CAE00D6BE4E /* Foundation.framework in Frameworks */ = {isa = PBXBuildFile; fileRef = AFA12FC9145C3CAE00D6BE4E /* Foundation.framework */; };
		AFA12FCC145C3CAE00D6BE4E /* CoreGraphics.framework in Frameworks */ = {isa = PBXBuildFile; fileRef = AFA12FCB145C3CAE00D6BE4E /* CoreGraphics.framework */; };
		AFA12FD2145C3CAE00D6BE4E /* InfoPlist.strings in Resources */ = {isa = PBXBuildFile; fileRef = AFA12FD0145C3CAE00D6BE4E /* InfoPlist.strings */; };
		AFA12FD4145C3CAE00D6BE4E /* main.m in Sources */ = {isa = PBXBuildFile; fileRef = AFA12FD3145C3CAE00D6BE4E /* main.m */; };
		AFA12FD8145C3CAE00D6BE4E /* AppDelegate.m in Sources */ = {isa = PBXBuildFile; fileRef = AFA12FD7145C3CAE00D6BE4E /* AppDelegate.m */; };
		AFA12FF1145C3D6600D6BE4E /* QuartzCore.framework in Frameworks */ = {isa = PBXBuildFile; fileRef = AFA12FF0145C3D6500D6BE4E /* QuartzCore.framework */; };
/* End PBXBuildFile section */

/* Begin PBXFileReference section */
		AF0A7526145C3E6E00EC6608 /* Settings.h */ = {isa = PBXFileReference; fileEncoding = 4; lastKnownFileType = sourcecode.c.h; path = Settings.h; sourceTree = "<group>"; };
		AF0A7528145C3E7C00EC6608 /* GameViewController.h */ = {isa = PBXFileReference; fileEncoding = 4; lastKnownFileType = sourcecode.c.h; path = GameViewController.h; sourceTree = "<group>"; };
		AF0A7529145C3E7C00EC6608 /* GameViewController.m */ = {isa = PBXFileReference; fileEncoding = 4; lastKnownFileType = sourcecode.c.objc; path = GameViewController.m; sourceTree = "<group>"; };
		AF0A752A145C3E7C00EC6608 /* GameViewController.xib */ = {isa = PBXFileReference; fileEncoding = 4; lastKnownFileType = file.xib; path = GameViewController.xib; sourceTree = "<group>"; };
		AF0A752B145C3E7C00EC6608 /* FieldButton.h */ = {isa = PBXFileReference; fileEncoding = 4; lastKnownFileType = sourcecode.c.h; path = FieldButton.h; sourceTree = "<group>"; };
		AF0A752C145C3E7C00EC6608 /* FieldButton.m */ = {isa = PBXFileReference; fileEncoding = 4; lastKnownFileType = sourcecode.c.objc; path = FieldButton.m; sourceTree = "<group>"; };
		AF0A7530145C3E8B00EC6608 /* Board.h */ = {isa = PBXFileReference; fileEncoding = 4; lastKnownFileType = sourcecode.c.h; path = Board.h; sourceTree = "<group>"; };
		AF0A7531145C3E8B00EC6608 /* Board.m */ = {isa = PBXFileReference; fileEncoding = 4; lastKnownFileType = sourcecode.c.objc; path = Board.m; sourceTree = "<group>"; };
		AF0A7532145C3E8B00EC6608 /* Item.h */ = {isa = PBXFileReference; fileEncoding = 4; lastKnownFileType = sourcecode.c.h; path = Item.h; sourceTree = "<group>"; };
		AF0A7533145C3E8B00EC6608 /* Item.m */ = {isa = PBXFileReference; fileEncoding = 4; lastKnownFileType = sourcecode.c.objc; path = Item.m; sourceTree = "<group>"; };
		AF0A7534145C3E8B00EC6608 /* Game.h */ = {isa = PBXFileReference; fileEncoding = 4; lastKnownFileType = sourcecode.c.h; path = Game.h; sourceTree = "<group>"; };
		AF0A7535145C3E8B00EC6608 /* Game.m */ = {isa = PBXFileReference; fileEncoding = 4; lastKnownFileType = sourcecode.c.objc; path = Game.m; sourceTree = "<group>"; };
		AF0A7536145C3E8B00EC6608 /* GameDelegate.h */ = {isa = PBXFileReference; fileEncoding = 4; lastKnownFileType = sourcecode.c.h; path = GameDelegate.h; sourceTree = "<group>"; };
		AF0A753A145C3E9900EC6608 /* RSToast.h */ = {isa = PBXFileReference; fileEncoding = 4; lastKnownFileType = sourcecode.c.h; path = RSToast.h; sourceTree = "<group>"; };
		AF0A753B145C3E9900EC6608 /* RSToast.m */ = {isa = PBXFileReference; fileEncoding = 4; lastKnownFileType = sourcecode.c.objc; path = RSToast.m; sourceTree = "<group>"; };
		AF0A753D145C3EE400EC6608 /* tile.png */ = {isa = PBXFileReference; lastKnownFileType = image.png; path = tile.png; sourceTree = "<group>"; };
		AF0A753E145C3EE400EC6608 /* tile@2x.png */ = {isa = PBXFileReference; lastKnownFileType = image.png; path = "tile@2x.png"; sourceTree = "<group>"; };
		AF0A753F145C3EE400EC6608 /* circle.png */ = {isa = PBXFileReference; lastKnownFileType = image.png; path = circle.png; sourceTree = "<group>"; };
		AF0A7540145C3EE400EC6608 /* cross.png */ = {isa = PBXFileReference; lastKnownFileType = image.png; path = cross.png; sourceTree = "<group>"; };
		AF0A7541145C3EE400EC6608 /* background.png */ = {isa = PBXFileReference; lastKnownFileType = image.png; path = background.png; sourceTree = "<group>"; };
		AF0A7542145C3EE400EC6608 /* background@2x.png */ = {isa = PBXFileReference; lastKnownFileType = image.png; path = "background@2x.png"; sourceTree = "<group>"; };
		AFA12FC3145C3CAE00D6BE4E /* NoughtsAndCrosses.app */ = {isa = PBXFileReference; explicitFileType = wrapper.application; includeInIndex = 0; path = NoughtsAndCrosses.app; sourceTree = BUILT_PRODUCTS_DIR; };
		AFA12FC7145C3CAE00D6BE4E /* UIKit.framework */ = {isa = PBXFileReference; lastKnownFileType = wrapper.framework; name = UIKit.framework; path = System/Library/Frameworks/UIKit.framework; sourceTree = SDKROOT; };
		AFA12FC9145C3CAE00D6BE4E /* Foundation.framework */ = {isa = PBXFileReference; lastKnownFileType = wrapper.framework; name = Foundation.framework; path = System/Library/Frameworks/Foundation.framework; sourceTree = SDKROOT; };
		AFA12FCB145C3CAE00D6BE4E /* CoreGraphics.framework */ = {isa = PBXFileReference; lastKnownFileType = wrapper.framework; name = CoreGraphics.framework; path = System/Library/Frameworks/CoreGraphics.framework; sourceTree = SDKROOT; };
		AFA12FCF145C3CAE00D6BE4E /* NoughtsAndCrosses-Info.plist */ = {isa = PBXFileReference; lastKnownFileType = text.plist.xml; path = "NoughtsAndCrosses-Info.plist"; sourceTree = "<group>"; };
		AFA12FD1145C3CAE00D6BE4E /* en */ = {isa = PBXFileReference; lastKnownFileType = text.plist.strings; name = en; path = en.lproj/InfoPlist.strings; sourceTree = "<group>"; };
		AFA12FD3145C3CAE00D6BE4E /* main.m */ = {isa = PBXFileReference; lastKnownFileType = sourcecode.c.objc; path = main.m; sourceTree = "<group>"; };
		AFA12FD5145C3CAE00D6BE4E /* NoughtsAndCrosses-Prefix.pch */ = {isa = PBXFileReference; lastKnownFileType = sourcecode.c.h; path = "NoughtsAndCrosses-Prefix.pch"; sourceTree = "<group>"; };
		AFA12FD6145C3CAE00D6BE4E /* AppDelegate.h */ = {isa = PBXFileReference; lastKnownFileType = sourcecode.c.h; path = AppDelegate.h; sourceTree = "<group>"; };
		AFA12FD7145C3CAE00D6BE4E /* AppDelegate.m */ = {isa = PBXFileReference; lastKnownFileType = sourcecode.c.objc; path = AppDelegate.m; sourceTree = "<group>"; };
		AFA12FF0145C3D6500D6BE4E /* QuartzCore.framework */ = {isa = PBXFileReference; lastKnownFileType = wrapper.framework; name = QuartzCore.framework; path = System/Library/Frameworks/QuartzCore.framework; sourceTree = SDKROOT; };
/* End PBXFileReference section */

/* Begin PBXFrameworksBuildPhase section */
		AFA12FC0145C3CAE00D6BE4E /* Frameworks */ = {
			isa = PBXFrameworksBuildPhase;
			buildActionMask = 2147483647;
			files = (
				AFA12FCC145C3CAE00D6BE4E /* CoreGraphics.framework in Frameworks */,
				AFA12FF1145C3D6600D6BE4E /* QuartzCore.framework in Frameworks */,
				AFA12FC8145C3CAE00D6BE4E /* UIKit.framework in Frameworks */,
				AFA12FCA145C3CAE00D6BE4E /* Foundation.framework in Frameworks */,
			);
			runOnlyForDeploymentPostprocessing = 0;
		};
/* End PBXFrameworksBuildPhase section */

/* Begin PBXGroup section */
		AF0A7555145C3EF300EC6608 /* Model */ = {
			isa = PBXGroup;
			children = (
				AF0A7530145C3E8B00EC6608 /* Board.h */,
				AF0A7531145C3E8B00EC6608 /* Board.m */,
				AF0A7532145C3E8B00EC6608 /* Item.h */,
				AF0A7533145C3E8B00EC6608 /* Item.m */,
				AF0A7534145C3E8B00EC6608 /* Game.h */,
				AF0A7535145C3E8B00EC6608 /* Game.m */,
				AF0A7536145C3E8B00EC6608 /* GameDelegate.h */,
			);
			name = Model;
			sourceTree = "<group>";
		};
		AF3D0CA7145C9C6500FAED53 /* Utils */ = {
			isa = PBXGroup;
			children = (
				AF0A753A145C3E9900EC6608 /* RSToast.h */,
				AF0A753B145C3E9900EC6608 /* RSToast.m */,
			);
			name = Utils;
			sourceTree = "<group>";
		};
		AFA12FB8145C3CAE00D6BE4E = {
			isa = PBXGroup;
			children = (
				AFA12FCD145C3CAE00D6BE4E /* NoughtsAndCrosses */,
				AFA12FC6145C3CAE00D6BE4E /* Frameworks */,
				AFA12FC4145C3CAE00D6BE4E /* Products */,
			);
			sourceTree = "<group>";
		};
		AFA12FC4145C3CAE00D6BE4E /* Products */ = {
			isa = PBXGroup;
			children = (
				AFA12FC3145C3CAE00D6BE4E /* NoughtsAndCrosses.app */,
			);
			name = Products;
			sourceTree = "<group>";
		};
		AFA12FC6145C3CAE00D6BE4E /* Frameworks */ = {
			isa = PBXGroup;
			children = (
				AFA12FF0145C3D6500D6BE4E /* QuartzCore.framework */,
				AFA12FC7145C3CAE00D6BE4E /* UIKit.framework */,
				AFA12FC9145C3CAE00D6BE4E /* Foundation.framework */,
				AFA12FCB145C3CAE00D6BE4E /* CoreGraphics.framework */,
			);
			name = Frameworks;
			sourceTree = "<group>";
		};
		AFA12FCD145C3CAE00D6BE4E /* NoughtsAndCrosses */ = {
			isa = PBXGroup;
			children = (
				AF0A7526145C3E6E00EC6608 /* Settings.h */,
				AF0A7528145C3E7C00EC6608 /* GameViewController.h */,
				AF0A7529145C3E7C00EC6608 /* GameViewController.m */,
				AF0A752A145C3E7C00EC6608 /* GameViewController.xib */,
				AF0A752B145C3E7C00EC6608 /* FieldButton.h */,
				AF0A752C145C3E7C00EC6608 /* FieldButton.m */,
				AF3D0CA7145C9C6500FAED53 /* Utils */,
				AF0A7555145C3EF300EC6608 /* Model */,
				AFA12FF2145C3D9C00D6BE4E /* Resources */,
				AFA12FD6145C3CAE00D6BE4E /* AppDelegate.h */,
				AFA12FD7145C3CAE00D6BE4E /* AppDelegate.m */,
				AFA12FCE145C3CAE00D6BE4E /* Supporting Files */,
			);
			path = NoughtsAndCrosses;
			sourceTree = "<group>";
		};
		AFA12FCE145C3CAE00D6BE4E /* Supporting Files */ = {
			isa = PBXGroup;
			children = (
				AFA12FCF145C3CAE00D6BE4E /* NoughtsAndCrosses-Info.plist */,
				AFA12FD0145C3CAE00D6BE4E /* InfoPlist.strings */,
				AFA12FD3145C3CAE00D6BE4E /* main.m */,
				AFA12FD5145C3CAE00D6BE4E /* NoughtsAndCrosses-Prefix.pch */,
			);
			name = "Supporting Files";
			sourceTree = "<group>";
		};
		AFA12FF2145C3D9C00D6BE4E /* Resources */ = {
			isa = PBXGroup;
			children = (
				AF0A753D145C3EE400EC6608 /* tile.png */,
				AF0A753E145C3EE400EC6608 /* tile@2x.png */,
				AF0A753F145C3EE400EC6608 /* circle.png */,
				AF0A7540145C3EE400EC6608 /* cross.png */,
				AF0A7541145C3EE400EC6608 /* background.png */,
				AF0A7542145C3EE400EC6608 /* background@2x.png */,
			);
			name = Resources;
			sourceTree = "<group>";
		};
/* End PBXGroup section */

/* Begin PBXNativeTarget section */
		AFA12FC2145C3CAE00D6BE4E /* NoughtsAndCrosses */ = {
			isa = PBXNativeTarget;
			buildConfigurationList = AFA12FED145C3CAE00D6BE4E /* Build configuration list for PBXNativeTarget "NoughtsAndCrosses" */;
			buildPhases = (
				AFA12FBF145C3CAE00D6BE4E /* Sources */,
				AFA12FC0145C3CAE00D6BE4E /* Frameworks */,
				AFA12FC1145C3CAE00D6BE4E /* Resources */,
			);
			buildRules = (
			);
			dependencies = (
			);
			name = NoughtsAndCrosses;
			productName = NoughtsAndCrosses;
			productReference = AFA12FC3145C3CAE00D6BE4E /* NoughtsAndCrosses.app */;
			productType = "com.apple.product-type.application";
		};
/* End PBXNativeTarget section */

/* Begin PBXProject section */
		AFA12FBA145C3CAE00D6BE4E /* Project object */ = {
			isa = PBXProject;
			attributes = {
				LastUpgradeCheck = 0420;
			};
			buildConfigurationList = AFA12FBD145C3CAE00D6BE4E /* Build configuration list for PBXProject "NoughtsAndCrosses" */;
			compatibilityVersion = "Xcode 3.2";
			developmentRegion = English;
			hasScannedForEncodings = 0;
			knownRegions = (
				en,
			);
			mainGroup = AFA12FB8145C3CAE00D6BE4E;
			productRefGroup = AFA12FC4145C3CAE00D6BE4E /* Products */;
			projectDirPath = "";
			projectRoot = "";
			targets = (
				AFA12FC2145C3CAE00D6BE4E /* NoughtsAndCrosses */,
			);
		};
/* End PBXProject section */

/* Begin PBXResourcesBuildPhase section */
		AFA12FC1145C3CAE00D6BE4E /* Resources */ = {
			isa = PBXResourcesBuildPhase;
			buildActionMask = 2147483647;
			files = (
				AFA12FD2145C3CAE00D6BE4E /* InfoPlist.strings in Resources */,
				AF0A752E145C3E7C00EC6608 /* GameViewController.xib in Resources */,
				AF0A7549145C3EE400EC6608 /* tile.png in Resources */,
				AF0A754A145C3EE400EC6608 /* tile@2x.png in Resources */,
				AF0A754B145C3EE400EC6608 /* circle.png in Resources */,
				AF0A754C145C3EE400EC6608 /* cross.png in Resources */,
				AF0A754D145C3EE400EC6608 /* background.png in Resources */,
				AF0A754E145C3EE400EC6608 /* background@2x.png in Resources */,
			);
			runOnlyForDeploymentPostprocessing = 0;
		};
/* End PBXResourcesBuildPhase section */

/* Begin PBXSourcesBuildPhase section */
		AFA12FBF145C3CAE00D6BE4E /* Sources */ = {
			isa = PBXSourcesBuildPhase;
			buildActionMask = 2147483647;
			files = (
				AFA12FD4145C3CAE00D6BE4E /* main.m in Sources */,
				AFA12FD8145C3CAE00D6BE4E /* AppDelegate.m in Sources */,
				AF0A752D145C3E7C00EC6608 /* GameViewController.m in Sources */,
				AF0A752F145C3E7C00EC6608 /* FieldButton.m in Sources */,
				AF0A7537145C3E8B00EC6608 /* Board.m in Sources */,
				AF0A7538145C3E8B00EC6608 /* Item.m in Sources */,
				AF0A7539145C3E8B00EC6608 /* Game.m in Sources */,
				AF0A753C145C3E9900EC6608 /* RSToast.m in Sources */,
			);
			runOnlyForDeploymentPostprocessing = 0;
		};
/* End PBXSourcesBuildPhase section */

/* Begin PBXVariantGroup section */
		AFA12FD0145C3CAE00D6BE4E /* InfoPlist.strings */ = {
			isa = PBXVariantGroup;
			children = (
				AFA12FD1145C3CAE00D6BE4E /* en */,
			);
			name = InfoPlist.strings;
			sourceTree = "<group>";
		};
/* End PBXVariantGroup section */

/* Begin XCBuildConfiguration section */
		AFA12FEB145C3CAE00D6BE4E /* Debug */ = {
			isa = XCBuildConfiguration;
			buildSettings = {
				ALWAYS_SEARCH_USER_PATHS = NO;
				ARCHS = "$(ARCHS_STANDARD_32_BIT)";
				CLANG_ENABLE_OBJC_ARC = YES;
				"CODE_SIGN_IDENTITY[sdk=iphoneos*]" = "iPhone Developer";
				COPY_PHASE_STRIP = NO;
				GCC_C_LANGUAGE_STANDARD = gnu99;
				GCC_DYNAMIC_NO_PIC = NO;
				GCC_OPTIMIZATION_LEVEL = 0;
				GCC_PREPROCESSOR_DEFINITIONS = (
					"DEBUG=1",
					"$(inherited)",
				);
				GCC_SYMBOLS_PRIVATE_EXTERN = NO;
				GCC_VERSION = com.apple.compilers.llvm.clang.1_0;
				GCC_WARN_ABOUT_MISSING_PROTOTYPES = YES;
				GCC_WARN_ABOUT_RETURN_TYPE = YES;
				GCC_WARN_UNUSED_VARIABLE = YES;
				IPHONEOS_DEPLOYMENT_TARGET = 5.0;
				SDKROOT = iphoneos;
				TARGETED_DEVICE_FAMILY = "1,2";
			};
			name = Debug;
		};
		AFA12FEC145C3CAE00D6BE4E /* Release */ = {
			isa = XCBuildConfiguration;
			buildSettings = {
				ALWAYS_SEARCH_USER_PATHS = NO;
				ARCHS = "$(ARCHS_STANDARD_32_BIT)";
				CLANG_ENABLE_OBJC_ARC = YES;
				"CODE_SIGN_IDENTITY[sdk=iphoneos*]" = "iPhone Developer";
				COPY_PHASE_STRIP = YES;
				GCC_C_LANGUAGE_STANDARD = gnu99;
				GCC_VERSION = com.apple.compilers.llvm.clang.1_0;
				GCC_WARN_ABOUT_MISSING_PROTOTYPES = YES;
				GCC_WARN_ABOUT_RETURN_TYPE = YES;
				GCC_WARN_UNUSED_VARIABLE = YES;
				IPHONEOS_DEPLOYMENT_TARGET = 5.0;
				OTHER_CFLAGS = "-DNS_BLOCK_ASSERTIONS=1";
				SDKROOT = iphoneos;
				TARGETED_DEVICE_FAMILY = "1,2";
				VALIDATE_PRODUCT = YES;
			};
			name = Release;
		};
		AFA12FEE145C3CAE00D6BE4E /* Debug */ = {
			isa = XCBuildConfiguration;
			buildSettings = {
				CLANG_ENABLE_OBJC_ARC = NO;
				GCC_PRECOMPILE_PREFIX_HEADER = YES;
				GCC_PREFIX_HEADER = "NoughtsAndCrosses/NoughtsAndCrosses-Prefix.pch";
				INFOPLIST_FILE = "NoughtsAndCrosses/NoughtsAndCrosses-Info.plist";
				PRODUCT_NAME = "$(TARGET_NAME)";
				TARGETED_DEVICE_FAMILY = 1;
				WRAPPER_EXTENSION = app;
			};
			name = Debug;
		};
		AFA12FEF145C3CAE00D6BE4E /* Release */ = {
			isa = XCBuildConfiguration;
			buildSettings = {
				CLANG_ENABLE_OBJC_ARC = NO;
				GCC_PRECOMPILE_PREFIX_HEADER = YES;
				GCC_PREFIX_HEADER = "NoughtsAndCrosses/NoughtsAndCrosses-Prefix.pch";
				INFOPLIST_FILE = "NoughtsAndCrosses/NoughtsAndCrosses-Info.plist";
				PRODUCT_NAME = "$(TARGET_NAME)";
				TARGETED_DEVICE_FAMILY = 1;
				WRAPPER_EXTENSION = app;
			};
			name = Release;
		};
/* End XCBuildConfiguration section */

/* Begin XCConfigurationList section */
		AFA12FBD145C3CAE00D6BE4E /* Build configuration list for PBXProject "NoughtsAndCrosses" */ = {
			isa = XCConfigurationList;
			buildConfigurations = (
				AFA12FEB145C3CAE00D6BE4E /* Debug */,
				AFA12FEC145C3CAE00D6BE4E /* Release */,
			);
			defaultConfigurationIsVisible = 0;
			defaultConfigurationName = Release;
		};
		AFA12FED145C3CAE00D6BE4E /* Build configuration list for PBXNativeTarget "NoughtsAndCrosses" */ = {
			isa = XCConfigurationList;
			buildConfigurations = (
				AFA12FEE145C3CAE00D6BE4E /* Debug */,
				AFA12FEF145C3CAE00D6BE4E /* Release */,
			);
			defaultConfigurationIsVisible = 0;
			defaultConfigurationName = Release;
		};
/* End XCConfigurationList section */
	};
	rootObject = AFA12FBA145C3CAE00D6BE4E /* Project object */;
}
